
Microsoft Visual Studio Solution File, Format Version 12.00
# Visual Studio Version 17
VisualStudioVersion = 17.7.34031.279
MinimumVisualStudioVersion = 10.0.40219.1
Project("{FAE04EC0-301F-11D3-BF4B-00C04F79EFBC}") = "dz3", "dz3\dz3.csproj", "{1F25AF3D-E556-4380-96EB-166346D08717}"
EndProject
Global
	GlobalSection(SolutionConfigurationPlatforms) = preSolution
		Debug|Any CPU = Debug|Any CPU
		Release|Any CPU = Release|Any CPU
	EndGlobalSection
	GlobalSection(ProjectConfigurationPlatforms) = postSolution
		{1F25AF3D-E556-4380-96EB-166346D08717}.Debug|Any CPU.ActiveCfg = Debug|Any CPU
		{1F25AF3D-E556-4380-96EB-166346D08717}.Debug|Any CPU.Build.0 = Debug|Any CPU
		{1F25AF3D-E556-4380-96EB-166346D08717}.Release|Any CPU.ActiveCfg = Release|Any CPU
		{1F25AF3D-E556-4380-96EB-166346D08717}.Release|Any CPU.Build.0 = Release|Any CPU
	EndGlobalSection
	GlobalSection(SolutionProperties) = preSolution
		HideSolutionNode = FALSE
	EndGlobalSection
	GlobalSection(ExtensibilityGlobals) = postSolution
		SolutionGuid = {934CE19B-B284-4C9C-96CF-9B0AF7E82D88}
	EndGlobalSection
EndGlobal
