
Microsoft Visual Studio Solution File, Format Version 12.00
# Visual Studio Version 17
VisualStudioVersion = 17.7.34031.279
MinimumVisualStudioVersion = 10.0.40219.1
Project("{FAE04EC0-301F-11D3-BF4B-00C04F79EFBC}") = "dz6", "dz6\dz6.csproj", "{ABEF67C6-560C-43E0-8CA5-92A507391A66}"
EndProject
Global
	GlobalSection(SolutionConfigurationPlatforms) = preSolution
		Debug|Any CPU = Debug|Any CPU
		Release|Any CPU = Release|Any CPU
	EndGlobalSection
	GlobalSection(ProjectConfigurationPlatforms) = postSolution
		{ABEF67C6-560C-43E0-8CA5-92A507391A66}.Debug|Any CPU.ActiveCfg = Debug|Any CPU
		{ABEF67C6-560C-43E0-8CA5-92A507391A66}.Debug|Any CPU.Build.0 = Debug|Any CPU
		{ABEF67C6-560C-43E0-8CA5-92A507391A66}.Release|Any CPU.ActiveCfg = Release|Any CPU
		{ABEF67C6-560C-43E0-8CA5-92A507391A66}.Release|Any CPU.Build.0 = Release|Any CPU
	EndGlobalSection
	GlobalSection(SolutionProperties) = preSolution
		HideSolutionNode = FALSE
	EndGlobalSection
	GlobalSection(ExtensibilityGlobals) = postSolution
		SolutionGuid = {61CC9197-C5D6-44FB-BFDE-AE3377540D4E}
	EndGlobalSection
EndGlobal
