
Microsoft Visual Studio Solution File, Format Version 12.00
# Visual Studio Version 17
VisualStudioVersion = 17.7.34031.279
MinimumVisualStudioVersion = 10.0.40219.1
Project("{FAE04EC0-301F-11D3-BF4B-00C04F79EFBC}") = "dz 4", "dz 4\dz 4.csproj", "{4E8D59C4-90C9-4AD1-85B6-20BE0C8EFC85}"
EndProject
Global
	GlobalSection(SolutionConfigurationPlatforms) = preSolution
		Debug|Any CPU = Debug|Any CPU
		Release|Any CPU = Release|Any CPU
	EndGlobalSection
	GlobalSection(ProjectConfigurationPlatforms) = postSolution
		{4E8D59C4-90C9-4AD1-85B6-20BE0C8EFC85}.Debug|Any CPU.ActiveCfg = Debug|Any CPU
		{4E8D59C4-90C9-4AD1-85B6-20BE0C8EFC85}.Debug|Any CPU.Build.0 = Debug|Any CPU
		{4E8D59C4-90C9-4AD1-85B6-20BE0C8EFC85}.Release|Any CPU.ActiveCfg = Release|Any CPU
		{4E8D59C4-90C9-4AD1-85B6-20BE0C8EFC85}.Release|Any CPU.Build.0 = Release|Any CPU
	EndGlobalSection
	GlobalSection(SolutionProperties) = preSolution
		HideSolutionNode = FALSE
	EndGlobalSection
	GlobalSection(ExtensibilityGlobals) = postSolution
		SolutionGuid = {282A05A1-6E64-471F-B8F5-2EF21D2D4853}
	EndGlobalSection
EndGlobal
